
Microsoft Visual Studio Solution File, Format Version 12.00
# Visual Studio Version 17
VisualStudioVersion = 17.5.33402.96
MinimumVisualStudioVersion = 10.0.40219.1
Project("{2150E333-8FDC-42A3-9474-1A3956D46DE8}") = "src", "src", "{CE3328AC-B03E-495D-8DC4-76C66CFC2242}"
EndProject
Project("{2150E333-8FDC-42A3-9474-1A3956D46DE8}") = "tests", "tests", "{F433E30B-61B1-48BA-B71E-4C136A0178A0}"
EndProject
Project("{FAE04EC0-301F-11D3-BF4B-00C04F79EFBC}") = "RadioBrowser.Net", "src\RadioBrowser.Net\RadioBrowser.Net.csproj", "{2CF52D82-94E6-45AA-9223-33B9D0B79270}"
EndProject
Project("{FAE04EC0-301F-11D3-BF4B-00C04F79EFBC}") = "RadioBrowser.Net.Tests", "tests\RadioBrowser.Net.Tests\RadioBrowser.Net.Tests.csproj", "{306B714D-A46D-48B3-8F21-D7F4A0F6DCB3}"
EndProject
Global
	GlobalSection(SolutionConfigurationPlatforms) = preSolution
		Debug|Any CPU = Debug|Any CPU
		Release|Any CPU = Release|Any CPU
	EndGlobalSection
	GlobalSection(ProjectConfigurationPlatforms) = postSolution
		{2CF52D82-94E6-45AA-9223-33B9D0B79270}.Debug|Any CPU.ActiveCfg = Debug|Any CPU
		{2CF52D82-94E6-45AA-9223-33B9D0B79270}.Debug|Any CPU.Build.0 = Debug|Any CPU
		{2CF52D82-94E6-45AA-9223-33B9D0B79270}.Release|Any CPU.ActiveCfg = Release|Any CPU
		{2CF52D82-94E6-45AA-9223-33B9D0B79270}.Release|Any CPU.Build.0 = Release|Any CPU
		{306B714D-A46D-48B3-8F21-D7F4A0F6DCB3}.Debug|Any CPU.ActiveCfg = Debug|Any CPU
		{306B714D-A46D-48B3-8F21-D7F4A0F6DCB3}.Debug|Any CPU.Build.0 = Debug|Any CPU
		{306B714D-A46D-48B3-8F21-D7F4A0F6DCB3}.Release|Any CPU.ActiveCfg = Release|Any CPU
		{306B714D-A46D-48B3-8F21-D7F4A0F6DCB3}.Release|Any CPU.Build.0 = Release|Any CPU
	EndGlobalSection
	GlobalSection(SolutionProperties) = preSolution
		HideSolutionNode = FALSE
	EndGlobalSection
	GlobalSection(NestedProjects) = preSolution
		{2CF52D82-94E6-45AA-9223-33B9D0B79270} = {CE3328AC-B03E-495D-8DC4-76C66CFC2242}
		{306B714D-A46D-48B3-8F21-D7F4A0F6DCB3} = {F433E30B-61B1-48BA-B71E-4C136A0178A0}
	EndGlobalSection
	GlobalSection(ExtensibilityGlobals) = postSolution
		SolutionGuid = {B5C21B4C-4F04-4836-B062-26A02714B82B}
	EndGlobalSection
EndGlobal
